
Microsoft Visual Studio Solution File, Format Version 12.00
# Visual Studio 15
VisualStudioVersion = 15.0.26430.13
MinimumVisualStudioVersion = 10.0.40219.1
Project("{FAE04EC0-301F-11D3-BF4B-00C04F79EFBC}") = "Glossary.BLL", "Glossary.BLL\Glossary.BLL.csproj", "{CEDD3562-39B1-4685-851C-AF35DFCC6FF7}"
EndProject
Project("{FAE04EC0-301F-11D3-BF4B-00C04F79EFBC}") = "Glossary.Business.Interfaces", "Glossary.Business.Interfaces\Glossary.Business.Interfaces.csproj", "{D51BBBEC-5DA8-447B-AA87-BAB624AD7D11}"
EndProject
Project("{FAE04EC0-301F-11D3-BF4B-00C04F79EFBC}") = "Glossary.Common.Entities", "Glossary.Common.Entities\Glossary.Common.Entities.csproj", "{F7723083-B7FC-4ACB-9D41-F84AC9E0A926}"
EndProject
Project("{FAE04EC0-301F-11D3-BF4B-00C04F79EFBC}") = "Glossary.DAL", "Glossary.DAL\Glossary.DAL.csproj", "{29C42D39-FFA2-4FD4-A086-1FDC38DC9F64}"
EndProject
Project("{FAE04EC0-301F-11D3-BF4B-00C04F79EFBC}") = "Glossary.Data.Interfaces", "Glossary.Data.Interfaces\Glossary.Data.Interfaces.csproj", "{2CE54B35-BD27-4A33-8FA5-A504DC894277}"
EndProject
Project("{FAE04EC0-301F-11D3-BF4B-00C04F79EFBC}") = "Glossary.EntityFramework", "Glossary.EntityFramework\Glossary.EntityFramework.csproj", "{4495C198-80D1-4FC4-A452-CFADCCEA000F}"
EndProject
Project("{FAE04EC0-301F-11D3-BF4B-00C04F79EFBC}") = "Glossary.Tests", "Glossary.Tests\Glossary.Tests.csproj", "{C9B76B81-B584-49DD-826C-AAA439FC11C8}"
EndProject
Project("{FAE04EC0-301F-11D3-BF4B-00C04F79EFBC}") = "Glossary.WEBAPI", "Glossary.WEBAPI\Glossary.WEBAPI.csproj", "{A32988A5-9F6D-4ABB-8D6E-019130FDB48A}"
EndProject
Project("{2150E333-8FDC-42A3-9474-1A3956D46DE8}") = "Business", "Business", "{029FF4C6-6A1D-4585-A908-060B3B2B6712}"
EndProject
Project("{2150E333-8FDC-42A3-9474-1A3956D46DE8}") = "Persistent", "Persistent", "{EA8074AF-A1CB-4F64-976A-62B98597906A}"
EndProject
Project("{2150E333-8FDC-42A3-9474-1A3956D46DE8}") = "UnitTesting", "UnitTesting", "{885821EF-77B2-4BE0-A47F-0294C71337CA}"
EndProject
Project("{2150E333-8FDC-42A3-9474-1A3956D46DE8}") = "Common", "Common", "{21FE53B7-EB11-4140-9C4E-43D9A01193F3}"
EndProject
Global
	GlobalSection(SolutionConfigurationPlatforms) = preSolution
		Debug|Any CPU = Debug|Any CPU
		Release|Any CPU = Release|Any CPU
	EndGlobalSection
	GlobalSection(ProjectConfigurationPlatforms) = postSolution
		{CEDD3562-39B1-4685-851C-AF35DFCC6FF7}.Debug|Any CPU.ActiveCfg = Debug|Any CPU
		{CEDD3562-39B1-4685-851C-AF35DFCC6FF7}.Debug|Any CPU.Build.0 = Debug|Any CPU
		{CEDD3562-39B1-4685-851C-AF35DFCC6FF7}.Release|Any CPU.ActiveCfg = Release|Any CPU
		{CEDD3562-39B1-4685-851C-AF35DFCC6FF7}.Release|Any CPU.Build.0 = Release|Any CPU
		{D51BBBEC-5DA8-447B-AA87-BAB624AD7D11}.Debug|Any CPU.ActiveCfg = Debug|Any CPU
		{D51BBBEC-5DA8-447B-AA87-BAB624AD7D11}.Debug|Any CPU.Build.0 = Debug|Any CPU
		{D51BBBEC-5DA8-447B-AA87-BAB624AD7D11}.Release|Any CPU.ActiveCfg = Release|Any CPU
		{D51BBBEC-5DA8-447B-AA87-BAB624AD7D11}.Release|Any CPU.Build.0 = Release|Any CPU
		{F7723083-B7FC-4ACB-9D41-F84AC9E0A926}.Debug|Any CPU.ActiveCfg = Debug|Any CPU
		{F7723083-B7FC-4ACB-9D41-F84AC9E0A926}.Debug|Any CPU.Build.0 = Debug|Any CPU
		{F7723083-B7FC-4ACB-9D41-F84AC9E0A926}.Release|Any CPU.ActiveCfg = Release|Any CPU
		{F7723083-B7FC-4ACB-9D41-F84AC9E0A926}.Release|Any CPU.Build.0 = Release|Any CPU
		{29C42D39-FFA2-4FD4-A086-1FDC38DC9F64}.Debug|Any CPU.ActiveCfg = Debug|Any CPU
		{29C42D39-FFA2-4FD4-A086-1FDC38DC9F64}.Debug|Any CPU.Build.0 = Debug|Any CPU
		{29C42D39-FFA2-4FD4-A086-1FDC38DC9F64}.Release|Any CPU.ActiveCfg = Release|Any CPU
		{29C42D39-FFA2-4FD4-A086-1FDC38DC9F64}.Release|Any CPU.Build.0 = Release|Any CPU
		{2CE54B35-BD27-4A33-8FA5-A504DC894277}.Debug|Any CPU.ActiveCfg = Debug|Any CPU
		{2CE54B35-BD27-4A33-8FA5-A504DC894277}.Debug|Any CPU.Build.0 = Debug|Any CPU
		{2CE54B35-BD27-4A33-8FA5-A504DC894277}.Release|Any CPU.ActiveCfg = Release|Any CPU
		{2CE54B35-BD27-4A33-8FA5-A504DC894277}.Release|Any CPU.Build.0 = Release|Any CPU
		{4495C198-80D1-4FC4-A452-CFADCCEA000F}.Debug|Any CPU.ActiveCfg = Debug|Any CPU
		{4495C198-80D1-4FC4-A452-CFADCCEA000F}.Debug|Any CPU.Build.0 = Debug|Any CPU
		{4495C198-80D1-4FC4-A452-CFADCCEA000F}.Release|Any CPU.ActiveCfg = Release|Any CPU
		{4495C198-80D1-4FC4-A452-CFADCCEA000F}.Release|Any CPU.Build.0 = Release|Any CPU
		{C9B76B81-B584-49DD-826C-AAA439FC11C8}.Debug|Any CPU.ActiveCfg = Debug|Any CPU
		{C9B76B81-B584-49DD-826C-AAA439FC11C8}.Debug|Any CPU.Build.0 = Debug|Any CPU
		{C9B76B81-B584-49DD-826C-AAA439FC11C8}.Release|Any CPU.ActiveCfg = Release|Any CPU
		{C9B76B81-B584-49DD-826C-AAA439FC11C8}.Release|Any CPU.Build.0 = Release|Any CPU
		{A32988A5-9F6D-4ABB-8D6E-019130FDB48A}.Debug|Any CPU.ActiveCfg = Debug|Any CPU
		{A32988A5-9F6D-4ABB-8D6E-019130FDB48A}.Debug|Any CPU.Build.0 = Debug|Any CPU
		{A32988A5-9F6D-4ABB-8D6E-019130FDB48A}.Release|Any CPU.ActiveCfg = Release|Any CPU
		{A32988A5-9F6D-4ABB-8D6E-019130FDB48A}.Release|Any CPU.Build.0 = Release|Any CPU
	EndGlobalSection
	GlobalSection(SolutionProperties) = preSolution
		HideSolutionNode = FALSE
	EndGlobalSection
	GlobalSection(NestedProjects) = preSolution
		{CEDD3562-39B1-4685-851C-AF35DFCC6FF7} = {029FF4C6-6A1D-4585-A908-060B3B2B6712}
		{D51BBBEC-5DA8-447B-AA87-BAB624AD7D11} = {029FF4C6-6A1D-4585-A908-060B3B2B6712}
		{F7723083-B7FC-4ACB-9D41-F84AC9E0A926} = {21FE53B7-EB11-4140-9C4E-43D9A01193F3}
		{29C42D39-FFA2-4FD4-A086-1FDC38DC9F64} = {EA8074AF-A1CB-4F64-976A-62B98597906A}
		{2CE54B35-BD27-4A33-8FA5-A504DC894277} = {EA8074AF-A1CB-4F64-976A-62B98597906A}
		{4495C198-80D1-4FC4-A452-CFADCCEA000F} = {EA8074AF-A1CB-4F64-976A-62B98597906A}
		{C9B76B81-B584-49DD-826C-AAA439FC11C8} = {885821EF-77B2-4BE0-A47F-0294C71337CA}
	EndGlobalSection
EndGlobal
